
Microsoft Visual Studio Solution File, Format Version 12.00
# Visual Studio Version 17
VisualStudioVersion = 17.3.32519.111
MinimumVisualStudioVersion = 10.0.40219.1
Project("{9A19103F-16F7-4668-BE54-9A1E7A4F7556}") = "DaysCounter", "DaysCounter\DaysCounter.csproj", "{951634A1-9798-49F8-BCDC-F082F9850D23}"
EndProject
Project("{9A19103F-16F7-4668-BE54-9A1E7A4F7556}") = "StripperDates", "StripperDates\StripperDates.csproj", "{C056EEB1-9082-4FCE-8B45-A4ABD3792E53}"
EndProject
Project("{FAE04EC0-301F-11D3-BF4B-00C04F79EFBC}") = "FizzBuzz", "FizzBuzz\FizzBuzz.csproj", "{5EB56A09-794F-431A-8F64-368B088B867C}"
EndProject
Global
	GlobalSection(SolutionConfigurationPlatforms) = preSolution
		Debug|Any CPU = Debug|Any CPU
		Release|Any CPU = Release|Any CPU
	EndGlobalSection
	GlobalSection(ProjectConfigurationPlatforms) = postSolution
		{951634A1-9798-49F8-BCDC-F082F9850D23}.Debug|Any CPU.ActiveCfg = Debug|Any CPU
		{951634A1-9798-49F8-BCDC-F082F9850D23}.Debug|Any CPU.Build.0 = Debug|Any CPU
		{951634A1-9798-49F8-BCDC-F082F9850D23}.Release|Any CPU.ActiveCfg = Release|Any CPU
		{951634A1-9798-49F8-BCDC-F082F9850D23}.Release|Any CPU.Build.0 = Release|Any CPU
		{C056EEB1-9082-4FCE-8B45-A4ABD3792E53}.Debug|Any CPU.ActiveCfg = Debug|Any CPU
		{C056EEB1-9082-4FCE-8B45-A4ABD3792E53}.Debug|Any CPU.Build.0 = Debug|Any CPU
		{C056EEB1-9082-4FCE-8B45-A4ABD3792E53}.Release|Any CPU.ActiveCfg = Release|Any CPU
		{C056EEB1-9082-4FCE-8B45-A4ABD3792E53}.Release|Any CPU.Build.0 = Release|Any CPU
		{5EB56A09-794F-431A-8F64-368B088B867C}.Debug|Any CPU.ActiveCfg = Debug|Any CPU
		{5EB56A09-794F-431A-8F64-368B088B867C}.Debug|Any CPU.Build.0 = Debug|Any CPU
		{5EB56A09-794F-431A-8F64-368B088B867C}.Release|Any CPU.ActiveCfg = Release|Any CPU
		{5EB56A09-794F-431A-8F64-368B088B867C}.Release|Any CPU.Build.0 = Release|Any CPU
	EndGlobalSection
	GlobalSection(SolutionProperties) = preSolution
		HideSolutionNode = FALSE
	EndGlobalSection
	GlobalSection(ExtensibilityGlobals) = postSolution
		SolutionGuid = {1396AFB0-7393-4022-B1BF-7B93BDADAF8E}
	EndGlobalSection
EndGlobal
